
Microsoft Visual Studio Solution File, Format Version 12.00
# Visual Studio 15
VisualStudioVersion = 15.0.28307.757
MinimumVisualStudioVersion = 10.0.40219.1
Project("{888888A0-9F3D-457C-B088-3A5042F75D52}") = "Python_Server", "Python_Server\Python_Server.pyproj", "{EA6DD6EE-64B2-4EA4-A002-17495BF8A5AD}"
EndProject
Project("{888888A0-9F3D-457C-B088-3A5042F75D52}") = "extensions", "extensions\extensions.pyproj", "{E94CBC76-4CA6-414B-8BB9-46D7CA4FF933}"
EndProject
Project("{2150E333-8FDC-42A3-9474-1A3956D46DE8}") = "Solution Items", "Solution Items", "{61B0208C-2323-477B-B4F7-51BB5BE14754}"
	ProjectSection(SolutionItems) = preProject
		README.md = README.md
	EndProjectSection
EndProject
Global
	GlobalSection(SolutionConfigurationPlatforms) = preSolution
		Debug|Any CPU = Debug|Any CPU
		Release|Any CPU = Release|Any CPU
	EndGlobalSection
	GlobalSection(ProjectConfigurationPlatforms) = postSolution
		{EA6DD6EE-64B2-4EA4-A002-17495BF8A5AD}.Debug|Any CPU.ActiveCfg = Debug|Any CPU
		{EA6DD6EE-64B2-4EA4-A002-17495BF8A5AD}.Release|Any CPU.ActiveCfg = Release|Any CPU
		{E94CBC76-4CA6-414B-8BB9-46D7CA4FF933}.Debug|Any CPU.ActiveCfg = Debug|Any CPU
		{E94CBC76-4CA6-414B-8BB9-46D7CA4FF933}.Release|Any CPU.ActiveCfg = Release|Any CPU
	EndGlobalSection
	GlobalSection(SolutionProperties) = preSolution
		HideSolutionNode = FALSE
	EndGlobalSection
	GlobalSection(ExtensibilityGlobals) = postSolution
		SolutionGuid = {8761CF3C-ED08-4381-81E9-D804A22079B2}
	EndGlobalSection
EndGlobal
